// !$*UTF8*$!
{
	archiveVersion = 1;
	classes = {
	};
	objectVersion = 56;
	objects = {

/* Begin PBXBuildFile section */
		8571B0CB29D4A7C000BD1837 /* StarWarsChallengeApp.swift in Sources */ = {isa = PBXBuildFile; fileRef = 8571B0CA29D4A7C000BD1837 /* StarWarsChallengeApp.swift */; };
		8571B0CD29D4A7C000BD1837 /* ContentView.swift in Sources */ = {isa = PBXBuildFile; fileRef = 8571B0CC29D4A7C000BD1837 /* ContentView.swift */; };
		8571B0CF29D4A7C300BD1837 /* Assets.xcassets in Resources */ = {isa = PBXBuildFile; fileRef = 8571B0CE29D4A7C300BD1837 /* Assets.xcassets */; };
		8571B0D229D4A7C300BD1837 /* Preview Assets.xcassets in Resources */ = {isa = PBXBuildFile; fileRef = 8571B0D129D4A7C300BD1837 /* Preview Assets.xcassets */; };
		8571B0DC29D4A7C300BD1837 /* StarWarsChallengeTests.swift in Sources */ = {isa = PBXBuildFile; fileRef = 8571B0DB29D4A7C300BD1837 /* StarWarsChallengeTests.swift */; };
		8571B0E629D4A7C300BD1837 /* StarWarsChallengeUITests.swift in Sources */ = {isa = PBXBuildFile; fileRef = 8571B0E529D4A7C300BD1837 /* StarWarsChallengeUITests.swift */; };
		8571B0E829D4A7C300BD1837 /* StarWarsChallengeUITestsLaunchTests.swift in Sources */ = {isa = PBXBuildFile; fileRef = 8571B0E729D4A7C300BD1837 /* StarWarsChallengeUITestsLaunchTests.swift */; };
		8571B0F929D4AF0800BD1837 /* APIEndpoint.swift in Sources */ = {isa = PBXBuildFile; fileRef = 8571B0F829D4AF0800BD1837 /* APIEndpoint.swift */; };
		8571B0FB29D4AFCD00BD1837 /* APIClient.swift in Sources */ = {isa = PBXBuildFile; fileRef = 8571B0FA29D4AFCD00BD1837 /* APIClient.swift */; };
		8571B0FD29D4B02500BD1837 /* APIError.swift in Sources */ = {isa = PBXBuildFile; fileRef = 8571B0FC29D4B02500BD1837 /* APIError.swift */; };
		8571B10229D4B10300BD1837 /* JSONDecoder+Additions.swift in Sources */ = {isa = PBXBuildFile; fileRef = 8571B10129D4B10300BD1837 /* JSONDecoder+Additions.swift */; };
		8571B10529D4B67A00BD1837 /* PeopleAPIClient.swift in Sources */ = {isa = PBXBuildFile; fileRef = 8571B10429D4B67A00BD1837 /* PeopleAPIClient.swift */; };
		8571B10729D4B78800BD1837 /* PeopleDTO.swift in Sources */ = {isa = PBXBuildFile; fileRef = 8571B10629D4B78800BD1837 /* PeopleDTO.swift */; };
		8571B10929D4BA2700BD1837 /* CancelBag.swift in Sources */ = {isa = PBXBuildFile; fileRef = 8571B10829D4BA2700BD1837 /* CancelBag.swift */; };
		8571B10C29D4BFD900BD1837 /* PeopleModel.swift in Sources */ = {isa = PBXBuildFile; fileRef = 8571B10B29D4BFD900BD1837 /* PeopleModel.swift */; };
		8571B10E29D4C8B300BD1837 /* Loadable.swift in Sources */ = {isa = PBXBuildFile; fileRef = 8571B10D29D4C8B300BD1837 /* Loadable.swift */; };
		8571B11029D4C93500BD1837 /* Publisher+Loadable.swift in Sources */ = {isa = PBXBuildFile; fileRef = 8571B10F29D4C93500BD1837 /* Publisher+Loadable.swift */; };
/* End PBXBuildFile section */

/* Begin PBXContainerItemProxy section */
		8571B0D829D4A7C300BD1837 /* PBXContainerItemProxy */ = {
			isa = PBXContainerItemProxy;
			containerPortal = 8571B0BF29D4A7C000BD1837 /* Project object */;
			proxyType = 1;
			remoteGlobalIDString = 8571B0C629D4A7C000BD1837;
			remoteInfo = StarWarsChallenge;
		};
		8571B0E229D4A7C300BD1837 /* PBXContainerItemProxy */ = {
			isa = PBXContainerItemProxy;
			containerPortal = 8571B0BF29D4A7C000BD1837 /* Project object */;
			proxyType = 1;
			remoteGlobalIDString = 8571B0C629D4A7C000BD1837;
			remoteInfo = StarWarsChallenge;
		};
/* End PBXContainerItemProxy section */

/* Begin PBXFileReference section */
		8571B0C729D4A7C000BD1837 /* StarWarsChallenge.app */ = {isa = PBXFileReference; explicitFileType = wrapper.application; includeInIndex = 0; path = StarWarsChallenge.app; sourceTree = BUILT_PRODUCTS_DIR; };
		8571B0CA29D4A7C000BD1837 /* StarWarsChallengeApp.swift */ = {isa = PBXFileReference; lastKnownFileType = sourcecode.swift; path = StarWarsChallengeApp.swift; sourceTree = "<group>"; };
		8571B0CC29D4A7C000BD1837 /* ContentView.swift */ = {isa = PBXFileReference; lastKnownFileType = sourcecode.swift; path = ContentView.swift; sourceTree = "<group>"; };
		8571B0CE29D4A7C300BD1837 /* Assets.xcassets */ = {isa = PBXFileReference; lastKnownFileType = folder.assetcatalog; path = Assets.xcassets; sourceTree = "<group>"; };
		8571B0D129D4A7C300BD1837 /* Preview Assets.xcassets */ = {isa = PBXFileReference; lastKnownFileType = folder.assetcatalog; path = "Preview Assets.xcassets"; sourceTree = "<group>"; };
		8571B0D729D4A7C300BD1837 /* StarWarsChallengeTests.xctest */ = {isa = PBXFileReference; explicitFileType = wrapper.cfbundle; includeInIndex = 0; path = StarWarsChallengeTests.xctest; sourceTree = BUILT_PRODUCTS_DIR; };
		8571B0DB29D4A7C300BD1837 /* StarWarsChallengeTests.swift */ = {isa = PBXFileReference; lastKnownFileType = sourcecode.swift; path = StarWarsChallengeTests.swift; sourceTree = "<group>"; };
		8571B0E129D4A7C300BD1837 /* StarWarsChallengeUITests.xctest */ = {isa = PBXFileReference; explicitFileType = wrapper.cfbundle; includeInIndex = 0; path = StarWarsChallengeUITests.xctest; sourceTree = BUILT_PRODUCTS_DIR; };
		8571B0E529D4A7C300BD1837 /* StarWarsChallengeUITests.swift */ = {isa = PBXFileReference; lastKnownFileType = sourcecode.swift; path = StarWarsChallengeUITests.swift; sourceTree = "<group>"; };
		8571B0E729D4A7C300BD1837 /* StarWarsChallengeUITestsLaunchTests.swift */ = {isa = PBXFileReference; lastKnownFileType = sourcecode.swift; path = StarWarsChallengeUITestsLaunchTests.swift; sourceTree = "<group>"; };
		8571B0F829D4AF0800BD1837 /* APIEndpoint.swift */ = {isa = PBXFileReference; lastKnownFileType = sourcecode.swift; path = APIEndpoint.swift; sourceTree = "<group>"; };
		8571B0FA29D4AFCD00BD1837 /* APIClient.swift */ = {isa = PBXFileReference; lastKnownFileType = sourcecode.swift; path = APIClient.swift; sourceTree = "<group>"; };
		8571B0FC29D4B02500BD1837 /* APIError.swift */ = {isa = PBXFileReference; lastKnownFileType = sourcecode.swift; path = APIError.swift; sourceTree = "<group>"; };
		8571B10129D4B10300BD1837 /* JSONDecoder+Additions.swift */ = {isa = PBXFileReference; lastKnownFileType = sourcecode.swift; path = "JSONDecoder+Additions.swift"; sourceTree = "<group>"; };
		8571B10429D4B67A00BD1837 /* PeopleAPIClient.swift */ = {isa = PBXFileReference; lastKnownFileType = sourcecode.swift; path = PeopleAPIClient.swift; sourceTree = "<group>"; };
		8571B10629D4B78800BD1837 /* PeopleDTO.swift */ = {isa = PBXFileReference; lastKnownFileType = sourcecode.swift; path = PeopleDTO.swift; sourceTree = "<group>"; };
		8571B10829D4BA2700BD1837 /* CancelBag.swift */ = {isa = PBXFileReference; lastKnownFileType = sourcecode.swift; path = CancelBag.swift; sourceTree = "<group>"; };
		8571B10B29D4BFD900BD1837 /* PeopleModel.swift */ = {isa = PBXFileReference; lastKnownFileType = sourcecode.swift; path = PeopleModel.swift; sourceTree = "<group>"; };
		8571B10D29D4C8B300BD1837 /* Loadable.swift */ = {isa = PBXFileReference; lastKnownFileType = sourcecode.swift; path = Loadable.swift; sourceTree = "<group>"; };
		8571B10F29D4C93500BD1837 /* Publisher+Loadable.swift */ = {isa = PBXFileReference; lastKnownFileType = sourcecode.swift; path = "Publisher+Loadable.swift"; sourceTree = "<group>"; };
/* End PBXFileReference section */

/* Begin PBXFrameworksBuildPhase section */
		8571B0C429D4A7C000BD1837 /* Frameworks */ = {
			isa = PBXFrameworksBuildPhase;
			buildActionMask = 2147483647;
			files = (
			);
			runOnlyForDeploymentPostprocessing = 0;
		};
		8571B0D429D4A7C300BD1837 /* Frameworks */ = {
			isa = PBXFrameworksBuildPhase;
			buildActionMask = 2147483647;
			files = (
			);
			runOnlyForDeploymentPostprocessing = 0;
		};
		8571B0DE29D4A7C300BD1837 /* Frameworks */ = {
			isa = PBXFrameworksBuildPhase;
			buildActionMask = 2147483647;
			files = (
			);
			runOnlyForDeploymentPostprocessing = 0;
		};
/* End PBXFrameworksBuildPhase section */

/* Begin PBXGroup section */
		8571B0BE29D4A7C000BD1837 = {
			isa = PBXGroup;
			children = (
				8571B0C929D4A7C000BD1837 /* StarWarsChallenge */,
				8571B0DA29D4A7C300BD1837 /* StarWarsChallengeTests */,
				8571B0E429D4A7C300BD1837 /* StarWarsChallengeUITests */,
				8571B0C829D4A7C000BD1837 /* Products */,
			);
			sourceTree = "<group>";
		};
		8571B0C829D4A7C000BD1837 /* Products */ = {
			isa = PBXGroup;
			children = (
				8571B0C729D4A7C000BD1837 /* StarWarsChallenge.app */,
				8571B0D729D4A7C300BD1837 /* StarWarsChallengeTests.xctest */,
				8571B0E129D4A7C300BD1837 /* StarWarsChallengeUITests.xctest */,
			);
			name = Products;
			sourceTree = "<group>";
		};
		8571B0C929D4A7C000BD1837 /* StarWarsChallenge */ = {
			isa = PBXGroup;
			children = (
				8571B0FE29D4B09B00BD1837 /* Application */,
				8571B0F729D4AECA00BD1837 /* Networking */,
				8571B0F429D4AE1800BD1837 /* Models */,
				8571B0CC29D4A7C000BD1837 /* ContentView.swift */,
				8571B0CE29D4A7C300BD1837 /* Assets.xcassets */,
				8571B0D029D4A7C300BD1837 /* Preview Content */,
			);
			path = StarWarsChallenge;
			sourceTree = "<group>";
		};
		8571B0D029D4A7C300BD1837 /* Preview Content */ = {
			isa = PBXGroup;
			children = (
				8571B0D129D4A7C300BD1837 /* Preview Assets.xcassets */,
			);
			path = "Preview Content";
			sourceTree = "<group>";
		};
		8571B0DA29D4A7C300BD1837 /* StarWarsChallengeTests */ = {
			isa = PBXGroup;
			children = (
				8571B0DB29D4A7C300BD1837 /* StarWarsChallengeTests.swift */,
			);
			path = StarWarsChallengeTests;
			sourceTree = "<group>";
		};
		8571B0E429D4A7C300BD1837 /* StarWarsChallengeUITests */ = {
			isa = PBXGroup;
			children = (
				8571B0E529D4A7C300BD1837 /* StarWarsChallengeUITests.swift */,
				8571B0E729D4A7C300BD1837 /* StarWarsChallengeUITestsLaunchTests.swift */,
			);
			path = StarWarsChallengeUITests;
			sourceTree = "<group>";
		};
		8571B0F429D4AE1800BD1837 /* Models */ = {
			isa = PBXGroup;
			children = (
				8571B0F529D4AE2B00BD1837 /* Mappers */,
				8571B0F629D4AE3500BD1837 /* DTO */,
				8571B10B29D4BFD900BD1837 /* PeopleModel.swift */,
			);
			path = Models;
			sourceTree = "<group>";
		};
		8571B0F529D4AE2B00BD1837 /* Mappers */ = {
			isa = PBXGroup;
			children = (
			);
			path = Mappers;
			sourceTree = "<group>";
		};
		8571B0F629D4AE3500BD1837 /* DTO */ = {
			isa = PBXGroup;
			children = (
				8571B10629D4B78800BD1837 /* PeopleDTO.swift */,
			);
			path = DTO;
			sourceTree = "<group>";
		};
		8571B0F729D4AECA00BD1837 /* Networking */ = {
			isa = PBXGroup;
			children = (
				8571B10329D4B63600BD1837 /* APICLients */,
				8571B0F829D4AF0800BD1837 /* APIEndpoint.swift */,
				8571B0FA29D4AFCD00BD1837 /* APIClient.swift */,
				8571B0FC29D4B02500BD1837 /* APIError.swift */,
			);
			path = Networking;
			sourceTree = "<group>";
		};
		8571B0FE29D4B09B00BD1837 /* Application */ = {
			isa = PBXGroup;
			children = (
				8571B0FF29D4B0D800BD1837 /* Utilities */,
				8571B0CA29D4A7C000BD1837 /* StarWarsChallengeApp.swift */,
			);
			path = Application;
			sourceTree = "<group>";
		};
		8571B0FF29D4B0D800BD1837 /* Utilities */ = {
			isa = PBXGroup;
			children = (
				8571B10029D4B0E000BD1837 /* Extensions */,
				8571B10829D4BA2700BD1837 /* CancelBag.swift */,
				8571B10D29D4C8B300BD1837 /* Loadable.swift */,
			);
			path = Utilities;
			sourceTree = "<group>";
		};
		8571B10029D4B0E000BD1837 /* Extensions */ = {
			isa = PBXGroup;
			children = (
				8571B10129D4B10300BD1837 /* JSONDecoder+Additions.swift */,
				8571B10F29D4C93500BD1837 /* Publisher+Loadable.swift */,
			);
			path = Extensions;
			sourceTree = "<group>";
		};
		8571B10329D4B63600BD1837 /* APICLients */ = {
			isa = PBXGroup;
			children = (
				8571B10429D4B67A00BD1837 /* PeopleAPIClient.swift */,
			);
			path = APICLients;
			sourceTree = "<group>";
		};
/* End PBXGroup section */

/* Begin PBXNativeTarget section */
		8571B0C629D4A7C000BD1837 /* StarWarsChallenge */ = {
			isa = PBXNativeTarget;
			buildConfigurationList = 8571B0EB29D4A7C300BD1837 /* Build configuration list for PBXNativeTarget "StarWarsChallenge" */;
			buildPhases = (
				8571B0C329D4A7C000BD1837 /* Sources */,
				8571B0C429D4A7C000BD1837 /* Frameworks */,
				8571B0C529D4A7C000BD1837 /* Resources */,
			);
			buildRules = (
			);
			dependencies = (
			);
			name = StarWarsChallenge;
			productName = StarWarsChallenge;
			productReference = 8571B0C729D4A7C000BD1837 /* StarWarsChallenge.app */;
			productType = "com.apple.product-type.application";
		};
		8571B0D629D4A7C300BD1837 /* StarWarsChallengeTests */ = {
			isa = PBXNativeTarget;
			buildConfigurationList = 8571B0EE29D4A7C300BD1837 /* Build configuration list for PBXNativeTarget "StarWarsChallengeTests" */;
			buildPhases = (
				8571B0D329D4A7C300BD1837 /* Sources */,
				8571B0D429D4A7C300BD1837 /* Frameworks */,
				8571B0D529D4A7C300BD1837 /* Resources */,
			);
			buildRules = (
			);
			dependencies = (
				8571B0D929D4A7C300BD1837 /* PBXTargetDependency */,
			);
			name = StarWarsChallengeTests;
			productName = StarWarsChallengeTests;
			productReference = 8571B0D729D4A7C300BD1837 /* StarWarsChallengeTests.xctest */;
			productType = "com.apple.product-type.bundle.unit-test";
		};
		8571B0E029D4A7C300BD1837 /* StarWarsChallengeUITests */ = {
			isa = PBXNativeTarget;
			buildConfigurationList = 8571B0F129D4A7C300BD1837 /* Build configuration list for PBXNativeTarget "StarWarsChallengeUITests" */;
			buildPhases = (
				8571B0DD29D4A7C300BD1837 /* Sources */,
				8571B0DE29D4A7C300BD1837 /* Frameworks */,
				8571B0DF29D4A7C300BD1837 /* Resources */,
			);
			buildRules = (
			);
			dependencies = (
				8571B0E329D4A7C300BD1837 /* PBXTargetDependency */,
			);
			name = StarWarsChallengeUITests;
			productName = StarWarsChallengeUITests;
			productReference = 8571B0E129D4A7C300BD1837 /* StarWarsChallengeUITests.xctest */;
			productType = "com.apple.product-type.bundle.ui-testing";
		};
/* End PBXNativeTarget section */

/* Begin PBXProject section */
		8571B0BF29D4A7C000BD1837 /* Project object */ = {
			isa = PBXProject;
			attributes = {
				BuildIndependentTargetsInParallel = 1;
				LastSwiftUpdateCheck = 1420;
				LastUpgradeCheck = 1420;
				TargetAttributes = {
					8571B0C629D4A7C000BD1837 = {
						CreatedOnToolsVersion = 14.2;
					};
					8571B0D629D4A7C300BD1837 = {
						CreatedOnToolsVersion = 14.2;
						TestTargetID = 8571B0C629D4A7C000BD1837;
					};
					8571B0E029D4A7C300BD1837 = {
						CreatedOnToolsVersion = 14.2;
						TestTargetID = 8571B0C629D4A7C000BD1837;
					};
				};
			};
			buildConfigurationList = 8571B0C229D4A7C000BD1837 /* Build configuration list for PBXProject "StarWarsChallenge" */;
			compatibilityVersion = "Xcode 14.0";
			developmentRegion = en;
			hasScannedForEncodings = 0;
			knownRegions = (
				en,
				Base,
			);
			mainGroup = 8571B0BE29D4A7C000BD1837;
			productRefGroup = 8571B0C829D4A7C000BD1837 /* Products */;
			projectDirPath = "";
			projectRoot = "";
			targets = (
				8571B0C629D4A7C000BD1837 /* StarWarsChallenge */,
				8571B0D629D4A7C300BD1837 /* StarWarsChallengeTests */,
				8571B0E029D4A7C300BD1837 /* StarWarsChallengeUITests */,
			);
		};
/* End PBXProject section */

/* Begin PBXResourcesBuildPhase section */
		8571B0C529D4A7C000BD1837 /* Resources */ = {
			isa = PBXResourcesBuildPhase;
			buildActionMask = 2147483647;
			files = (
				8571B0D229D4A7C300BD1837 /* Preview Assets.xcassets in Resources */,
				8571B0CF29D4A7C300BD1837 /* Assets.xcassets in Resources */,
			);
			runOnlyForDeploymentPostprocessing = 0;
		};
		8571B0D529D4A7C300BD1837 /* Resources */ = {
			isa = PBXResourcesBuildPhase;
			buildActionMask = 2147483647;
			files = (
			);
			runOnlyForDeploymentPostprocessing = 0;
		};
		8571B0DF29D4A7C300BD1837 /* Resources */ = {
			isa = PBXResourcesBuildPhase;
			buildActionMask = 2147483647;
			files = (
			);
			runOnlyForDeploymentPostprocessing = 0;
		};
/* End PBXResourcesBuildPhase section */

/* Begin PBXSourcesBuildPhase section */
		8571B0C329D4A7C000BD1837 /* Sources */ = {
			isa = PBXSourcesBuildPhase;
			buildActionMask = 2147483647;
			files = (
				8571B10229D4B10300BD1837 /* JSONDecoder+Additions.swift in Sources */,
				8571B0CD29D4A7C000BD1837 /* ContentView.swift in Sources */,
				8571B0F929D4AF0800BD1837 /* APIEndpoint.swift in Sources */,
				8571B0CB29D4A7C000BD1837 /* StarWarsChallengeApp.swift in Sources */,
				8571B11029D4C93500BD1837 /* Publisher+Loadable.swift in Sources */,
				8571B10C29D4BFD900BD1837 /* PeopleModel.swift in Sources */,
				8571B0FD29D4B02500BD1837 /* APIError.swift in Sources */,
				8571B10929D4BA2700BD1837 /* CancelBag.swift in Sources */,
				8571B0FB29D4AFCD00BD1837 /* APIClient.swift in Sources */,
				8571B10E29D4C8B300BD1837 /* Loadable.swift in Sources */,
				8571B10729D4B78800BD1837 /* PeopleDTO.swift in Sources */,
				8571B10529D4B67A00BD1837 /* PeopleAPIClient.swift in Sources */,
			);
			runOnlyForDeploymentPostprocessing = 0;
		};
		8571B0D329D4A7C300BD1837 /* Sources */ = {
			isa = PBXSourcesBuildPhase;
			buildActionMask = 2147483647;
			files = (
				8571B0DC29D4A7C300BD1837 /* StarWarsChallengeTests.swift in Sources */,
			);
			runOnlyForDeploymentPostprocessing = 0;
		};
		8571B0DD29D4A7C300BD1837 /* Sources */ = {
			isa = PBXSourcesBuildPhase;
			buildActionMask = 2147483647;
			files = (
				8571B0E629D4A7C300BD1837 /* StarWarsChallengeUITests.swift in Sources */,
				8571B0E829D4A7C300BD1837 /* StarWarsChallengeUITestsLaunchTests.swift in Sources */,
			);
			runOnlyForDeploymentPostprocessing = 0;
		};
/* End PBXSourcesBuildPhase section */

/* Begin PBXTargetDependency section */
		8571B0D929D4A7C300BD1837 /* PBXTargetDependency */ = {
			isa = PBXTargetDependency;
			target = 8571B0C629D4A7C000BD1837 /* StarWarsChallenge */;
			targetProxy = 8571B0D829D4A7C300BD1837 /* PBXContainerItemProxy */;
		};
		8571B0E329D4A7C300BD1837 /* PBXTargetDependency */ = {
			isa = PBXTargetDependency;
			target = 8571B0C629D4A7C000BD1837 /* StarWarsChallenge */;
			targetProxy = 8571B0E229D4A7C300BD1837 /* PBXContainerItemProxy */;
		};
/* End PBXTargetDependency section */

/* Begin XCBuildConfiguration section */
		8571B0E929D4A7C300BD1837 /* Debug */ = {
			isa = XCBuildConfiguration;
			buildSettings = {
				ALWAYS_SEARCH_USER_PATHS = NO;
				CLANG_ANALYZER_NONNULL = YES;
				CLANG_ANALYZER_NUMBER_OBJECT_CONVERSION = YES_AGGRESSIVE;
				CLANG_CXX_LANGUAGE_STANDARD = "gnu++20";
				CLANG_ENABLE_MODULES = YES;
				CLANG_ENABLE_OBJC_ARC = YES;
				CLANG_ENABLE_OBJC_WEAK = YES;
				CLANG_WARN_BLOCK_CAPTURE_AUTORELEASING = YES;
				CLANG_WARN_BOOL_CONVERSION = YES;
				CLANG_WARN_COMMA = YES;
				CLANG_WARN_CONSTANT_CONVERSION = YES;
				CLANG_WARN_DEPRECATED_OBJC_IMPLEMENTATIONS = YES;
				CLANG_WARN_DIRECT_OBJC_ISA_USAGE = YES_ERROR;
				CLANG_WARN_DOCUMENTATION_COMMENTS = YES;
				CLANG_WARN_EMPTY_BODY = YES;
				CLANG_WARN_ENUM_CONVERSION = YES;
				CLANG_WARN_INFINITE_RECURSION = YES;
				CLANG_WARN_INT_CONVERSION = YES;
				CLANG_WARN_NON_LITERAL_NULL_CONVERSION = YES;
				CLANG_WARN_OBJC_IMPLICIT_RETAIN_SELF = YES;
				CLANG_WARN_OBJC_LITERAL_CONVERSION = YES;
				CLANG_WARN_OBJC_ROOT_CLASS = YES_ERROR;
				CLANG_WARN_QUOTED_INCLUDE_IN_FRAMEWORK_HEADER = YES;
				CLANG_WARN_RANGE_LOOP_ANALYSIS = YES;
				CLANG_WARN_STRICT_PROTOTYPES = YES;
				CLANG_WARN_SUSPICIOUS_MOVE = YES;
				CLANG_WARN_UNGUARDED_AVAILABILITY = YES_AGGRESSIVE;
				CLANG_WARN_UNREACHABLE_CODE = YES;
				CLANG_WARN__DUPLICATE_METHOD_MATCH = YES;
				COPY_PHASE_STRIP = NO;
				DEBUG_INFORMATION_FORMAT = dwarf;
				ENABLE_STRICT_OBJC_MSGSEND = YES;
				ENABLE_TESTABILITY = YES;
				GCC_C_LANGUAGE_STANDARD = gnu11;
				GCC_DYNAMIC_NO_PIC = NO;
				GCC_NO_COMMON_BLOCKS = YES;
				GCC_OPTIMIZATION_LEVEL = 0;
				GCC_PREPROCESSOR_DEFINITIONS = (
					"DEBUG=1",
					"$(inherited)",
				);
				GCC_WARN_64_TO_32_BIT_CONVERSION = YES;
				GCC_WARN_ABOUT_RETURN_TYPE = YES_ERROR;
				GCC_WARN_UNDECLARED_SELECTOR = YES;
				GCC_WARN_UNINITIALIZED_AUTOS = YES_AGGRESSIVE;
				GCC_WARN_UNUSED_FUNCTION = YES;
				GCC_WARN_UNUSED_VARIABLE = YES;
				IPHONEOS_DEPLOYMENT_TARGET = 16.2;
				MTL_ENABLE_DEBUG_INFO = INCLUDE_SOURCE;
				MTL_FAST_MATH = YES;
				ONLY_ACTIVE_ARCH = YES;
				SDKROOT = iphoneos;
				SWIFT_ACTIVE_COMPILATION_CONDITIONS = DEBUG;
				SWIFT_OPTIMIZATION_LEVEL = "-Onone";
			};
			name = Debug;
		};
		8571B0EA29D4A7C300BD1837 /* Release */ = {
			isa = XCBuildConfiguration;
			buildSettings = {
				ALWAYS_SEARCH_USER_PATHS = NO;
				CLANG_ANALYZER_NONNULL = YES;
				CLANG_ANALYZER_NUMBER_OBJECT_CONVERSION = YES_AGGRESSIVE;
				CLANG_CXX_LANGUAGE_STANDARD = "gnu++20";
				CLANG_ENABLE_MODULES = YES;
				CLANG_ENABLE_OBJC_ARC = YES;
				CLANG_ENABLE_OBJC_WEAK = YES;
				CLANG_WARN_BLOCK_CAPTURE_AUTORELEASING = YES;
				CLANG_WARN_BOOL_CONVERSION = YES;
				CLANG_WARN_COMMA = YES;
				CLANG_WARN_CONSTANT_CONVERSION = YES;
				CLANG_WARN_DEPRECATED_OBJC_IMPLEMENTATIONS = YES;
				CLANG_WARN_DIRECT_OBJC_ISA_USAGE = YES_ERROR;
				CLANG_WARN_DOCUMENTATION_COMMENTS = YES;
				CLANG_WARN_EMPTY_BODY = YES;
				CLANG_WARN_ENUM_CONVERSION = YES;
				CLANG_WARN_INFINITE_RECURSION = YES;
				CLANG_WARN_INT_CONVERSION = YES;
				CLANG_WARN_NON_LITERAL_NULL_CONVERSION = YES;
				CLANG_WARN_OBJC_IMPLICIT_RETAIN_SELF = YES;
				CLANG_WARN_OBJC_LITERAL_CONVERSION = YES;
				CLANG_WARN_OBJC_ROOT_CLASS = YES_ERROR;
				CLANG_WARN_QUOTED_INCLUDE_IN_FRAMEWORK_HEADER = YES;
				CLANG_WARN_RANGE_LOOP_ANALYSIS = YES;
				CLANG_WARN_STRICT_PROTOTYPES = YES;
				CLANG_WARN_SUSPICIOUS_MOVE = YES;
				CLANG_WARN_UNGUARDED_AVAILABILITY = YES_AGGRESSIVE;
				CLANG_WARN_UNREACHABLE_CODE = YES;
				CLANG_WARN__DUPLICATE_METHOD_MATCH = YES;
				COPY_PHASE_STRIP = NO;
				DEBUG_INFORMATION_FORMAT = "dwarf-with-dsym";
				ENABLE_NS_ASSERTIONS = NO;
				ENABLE_STRICT_OBJC_MSGSEND = YES;
				GCC_C_LANGUAGE_STANDARD = gnu11;
				GCC_NO_COMMON_BLOCKS = YES;
				GCC_WARN_64_TO_32_BIT_CONVERSION = YES;
				GCC_WARN_ABOUT_RETURN_TYPE = YES_ERROR;
				GCC_WARN_UNDECLARED_SELECTOR = YES;
				GCC_WARN_UNINITIALIZED_AUTOS = YES_AGGRESSIVE;
				GCC_WARN_UNUSED_FUNCTION = YES;
				GCC_WARN_UNUSED_VARIABLE = YES;
				IPHONEOS_DEPLOYMENT_TARGET = 16.2;
				MTL_ENABLE_DEBUG_INFO = NO;
				MTL_FAST_MATH = YES;
				SDKROOT = iphoneos;
				SWIFT_COMPILATION_MODE = wholemodule;
				SWIFT_OPTIMIZATION_LEVEL = "-O";
				VALIDATE_PRODUCT = YES;
			};
			name = Release;
		};
		8571B0EC29D4A7C300BD1837 /* Debug */ = {
			isa = XCBuildConfiguration;
			buildSettings = {
				ASSETCATALOG_COMPILER_APPICON_NAME = AppIcon;
				ASSETCATALOG_COMPILER_GLOBAL_ACCENT_COLOR_NAME = AccentColor;
				CODE_SIGN_STYLE = Automatic;
				CURRENT_PROJECT_VERSION = 1;
				DEVELOPMENT_ASSET_PATHS = "\"StarWarsChallenge/Preview Content\"";
				DEVELOPMENT_TEAM = QPKK2SF3U5;
				ENABLE_PREVIEWS = YES;
				GENERATE_INFOPLIST_FILE = YES;
				INFOPLIST_KEY_UIApplicationSceneManifest_Generation = YES;
				INFOPLIST_KEY_UIApplicationSupportsIndirectInputEvents = YES;
				INFOPLIST_KEY_UILaunchScreen_Generation = YES;
				INFOPLIST_KEY_UISupportedInterfaceOrientations_iPad = "UIInterfaceOrientationPortrait UIInterfaceOrientationPortraitUpsideDown UIInterfaceOrientationLandscapeLeft UIInterfaceOrientationLandscapeRight";
				INFOPLIST_KEY_UISupportedInterfaceOrientations_iPhone = "UIInterfaceOrientationPortrait UIInterfaceOrientationLandscapeLeft UIInterfaceOrientationLandscapeRight";
				LD_RUNPATH_SEARCH_PATHS = (
					"$(inherited)",
					"@executable_path/Frameworks",
				);
				MARKETING_VERSION = 1.0;
				PRODUCT_BUNDLE_IDENTIFIER = dsalenko.StarWarsChallenge;
				PRODUCT_NAME = "$(TARGET_NAME)";
				SWIFT_EMIT_LOC_STRINGS = YES;
				SWIFT_VERSION = 5.0;
				TARGETED_DEVICE_FAMILY = "1,2";
			};
			name = Debug;
		};
		8571B0ED29D4A7C300BD1837 /* Release */ = {
			isa = XCBuildConfiguration;
			buildSettings = {
				ASSETCATALOG_COMPILER_APPICON_NAME = AppIcon;
				ASSETCATALOG_COMPILER_GLOBAL_ACCENT_COLOR_NAME = AccentColor;
				CODE_SIGN_STYLE = Automatic;
				CURRENT_PROJECT_VERSION = 1;
				DEVELOPMENT_ASSET_PATHS = "\"StarWarsChallenge/Preview Content\"";
				DEVELOPMENT_TEAM = QPKK2SF3U5;
				ENABLE_PREVIEWS = YES;
				GENERATE_INFOPLIST_FILE = YES;
				INFOPLIST_KEY_UIApplicationSceneManifest_Generation = YES;
				INFOPLIST_KEY_UIApplicationSupportsIndirectInputEvents = YES;
				INFOPLIST_KEY_UILaunchScreen_Generation = YES;
				INFOPLIST_KEY_UISupportedInterfaceOrientations_iPad = "UIInterfaceOrientationPortrait UIInterfaceOrientationPortraitUpsideDown UIInterfaceOrientationLandscapeLeft UIInterfaceOrientationLandscapeRight";
				INFOPLIST_KEY_UISupportedInterfaceOrientations_iPhone = "UIInterfaceOrientationPortrait UIInterfaceOrientationLandscapeLeft UIInterfaceOrientationLandscapeRight";
				LD_RUNPATH_SEARCH_PATHS = (
					"$(inherited)",
					"@executable_path/Frameworks",
				);
				MARKETING_VERSION = 1.0;
				PRODUCT_BUNDLE_IDENTIFIER = dsalenko.StarWarsChallenge;
				PRODUCT_NAME = "$(TARGET_NAME)";
				SWIFT_EMIT_LOC_STRINGS = YES;
				SWIFT_VERSION = 5.0;
				TARGETED_DEVICE_FAMILY = "1,2";
			};
			name = Release;
		};
		8571B0EF29D4A7C300BD1837 /* Debug */ = {
			isa = XCBuildConfiguration;
			buildSettings = {
				ALWAYS_EMBED_SWIFT_STANDARD_LIBRARIES = YES;
				BUNDLE_LOADER = "$(TEST_HOST)";
				CODE_SIGN_STYLE = Automatic;
				CURRENT_PROJECT_VERSION = 1;
				DEVELOPMENT_TEAM = QPKK2SF3U5;
				GENERATE_INFOPLIST_FILE = YES;
				IPHONEOS_DEPLOYMENT_TARGET = 16.2;
				MARKETING_VERSION = 1.0;
				PRODUCT_BUNDLE_IDENTIFIER = dsalenko.StarWarsChallengeTests;
				PRODUCT_NAME = "$(TARGET_NAME)";
				SWIFT_EMIT_LOC_STRINGS = NO;
				SWIFT_VERSION = 5.0;
				TARGETED_DEVICE_FAMILY = "1,2";
				TEST_HOST = "$(BUILT_PRODUCTS_DIR)/StarWarsChallenge.app/$(BUNDLE_EXECUTABLE_FOLDER_PATH)/StarWarsChallenge";
			};
			name = Debug;
		};
		8571B0F029D4A7C300BD1837 /* Release */ = {
			isa = XCBuildConfiguration;
			buildSettings = {
				ALWAYS_EMBED_SWIFT_STANDARD_LIBRARIES = YES;
				BUNDLE_LOADER = "$(TEST_HOST)";
				CODE_SIGN_STYLE = Automatic;
				CURRENT_PROJECT_VERSION = 1;
				DEVELOPMENT_TEAM = QPKK2SF3U5;
				GENERATE_INFOPLIST_FILE = YES;
				IPHONEOS_DEPLOYMENT_TARGET = 16.2;
				MARKETING_VERSION = 1.0;
				PRODUCT_BUNDLE_IDENTIFIER = dsalenko.StarWarsChallengeTests;
				PRODUCT_NAME = "$(TARGET_NAME)";
				SWIFT_EMIT_LOC_STRINGS = NO;
				SWIFT_VERSION = 5.0;
				TARGETED_DEVICE_FAMILY = "1,2";
				TEST_HOST = "$(BUILT_PRODUCTS_DIR)/StarWarsChallenge.app/$(BUNDLE_EXECUTABLE_FOLDER_PATH)/StarWarsChallenge";
			};
			name = Release;
		};
		8571B0F229D4A7C300BD1837 /* Debug */ = {
			isa = XCBuildConfiguration;
			buildSettings = {
				ALWAYS_EMBED_SWIFT_STANDARD_LIBRARIES = YES;
				CODE_SIGN_STYLE = Automatic;
				CURRENT_PROJECT_VERSION = 1;
				DEVELOPMENT_TEAM = QPKK2SF3U5;
				GENERATE_INFOPLIST_FILE = YES;
				MARKETING_VERSION = 1.0;
				PRODUCT_BUNDLE_IDENTIFIER = dsalenko.StarWarsChallengeUITests;
				PRODUCT_NAME = "$(TARGET_NAME)";
				SWIFT_EMIT_LOC_STRINGS = NO;
				SWIFT_VERSION = 5.0;
				TARGETED_DEVICE_FAMILY = "1,2";
				TEST_TARGET_NAME = StarWarsChallenge;
			};
			name = Debug;
		};
		8571B0F329D4A7C300BD1837 /* Release */ = {
			isa = XCBuildConfiguration;
			buildSettings = {
				ALWAYS_EMBED_SWIFT_STANDARD_LIBRARIES = YES;
				CODE_SIGN_STYLE = Automatic;
				CURRENT_PROJECT_VERSION = 1;
				DEVELOPMENT_TEAM = QPKK2SF3U5;
				GENERATE_INFOPLIST_FILE = YES;
				MARKETING_VERSION = 1.0;
				PRODUCT_BUNDLE_IDENTIFIER = dsalenko.StarWarsChallengeUITests;
				PRODUCT_NAME = "$(TARGET_NAME)";
				SWIFT_EMIT_LOC_STRINGS = NO;
				SWIFT_VERSION = 5.0;
				TARGETED_DEVICE_FAMILY = "1,2";
				TEST_TARGET_NAME = StarWarsChallenge;
			};
			name = Release;
		};
/* End XCBuildConfiguration section */

/* Begin XCConfigurationList section */
		8571B0C229D4A7C000BD1837 /* Build configuration list for PBXProject "StarWarsChallenge" */ = {
			isa = XCConfigurationList;
			buildConfigurations = (
				8571B0E929D4A7C300BD1837 /* Debug */,
				8571B0EA29D4A7C300BD1837 /* Release */,
			);
			defaultConfigurationIsVisible = 0;
			defaultConfigurationName = Release;
		};
		8571B0EB29D4A7C300BD1837 /* Build configuration list for PBXNativeTarget "StarWarsChallenge" */ = {
			isa = XCConfigurationList;
			buildConfigurations = (
				8571B0EC29D4A7C300BD1837 /* Debug */,
				8571B0ED29D4A7C300BD1837 /* Release */,
			);
			defaultConfigurationIsVisible = 0;
			defaultConfigurationName = Release;
		};
		8571B0EE29D4A7C300BD1837 /* Build configuration list for PBXNativeTarget "StarWarsChallengeTests" */ = {
			isa = XCConfigurationList;
			buildConfigurations = (
				8571B0EF29D4A7C300BD1837 /* Debug */,
				8571B0F029D4A7C300BD1837 /* Release */,
			);
			defaultConfigurationIsVisible = 0;
			defaultConfigurationName = Release;
		};
		8571B0F129D4A7C300BD1837 /* Build configuration list for PBXNativeTarget "StarWarsChallengeUITests" */ = {
			isa = XCConfigurationList;
			buildConfigurations = (
				8571B0F229D4A7C300BD1837 /* Debug */,
				8571B0F329D4A7C300BD1837 /* Release */,
			);
			defaultConfigurationIsVisible = 0;
			defaultConfigurationName = Release;
		};
/* End XCConfigurationList section */
	};
	rootObject = 8571B0BF29D4A7C000BD1837 /* Project object */;
}
